
Microsoft Visual Studio Solution File, Format Version 12.00
# Visual Studio Version 17
VisualStudioVersion = 17.4.33122.133
MinimumVisualStudioVersion = 10.0.40219.1
Project("{FAE04EC0-301F-11D3-BF4B-00C04F79EFBC}") = "ConsoleApp1", "ConsoleApp1.csproj", "{DDAEEB29-8701-4BA1-9022-E6622FC77C48}"
EndProject
Global
	GlobalSection(SolutionConfigurationPlatforms) = preSolution
		Debug|Any CPU = Debug|Any CPU
		Release|Any CPU = Release|Any CPU
	EndGlobalSection
	GlobalSection(ProjectConfigurationPlatforms) = postSolution
		{DDAEEB29-8701-4BA1-9022-E6622FC77C48}.Debug|Any CPU.ActiveCfg = Debug|Any CPU
		{DDAEEB29-8701-4BA1-9022-E6622FC77C48}.Debug|Any CPU.Build.0 = Debug|Any CPU
		{DDAEEB29-8701-4BA1-9022-E6622FC77C48}.Release|Any CPU.ActiveCfg = Release|Any CPU
		{DDAEEB29-8701-4BA1-9022-E6622FC77C48}.Release|Any CPU.Build.0 = Release|Any CPU
	EndGlobalSection
	GlobalSection(SolutionProperties) = preSolution
		HideSolutionNode = FALSE
	EndGlobalSection
	GlobalSection(ExtensibilityGlobals) = postSolution
		SolutionGuid = {43139364-A79E-458C-8DF5-875657132195}
	EndGlobalSection
EndGlobal
