
Microsoft Visual Studio Solution File, Format Version 12.00
# Visual Studio Version 17
VisualStudioVersion = 17.9.34902.65
MinimumVisualStudioVersion = 10.0.40219.1
Project("{FAE04EC0-301F-11D3-BF4B-00C04F79EFBC}") = "MatryoshkaCrackme", "MatryoshkaCrackme.csproj", "{530E0BE3-0451-45CD-9312-D4E81E2BA31D}"
EndProject
Global
	GlobalSection(SolutionConfigurationPlatforms) = preSolution
		Debug|Any CPU = Debug|Any CPU
		Release|Any CPU = Release|Any CPU
	EndGlobalSection
	GlobalSection(ProjectConfigurationPlatforms) = postSolution
		{530E0BE3-0451-45CD-9312-D4E81E2BA31D}.Debug|Any CPU.ActiveCfg = Debug|Any CPU
		{530E0BE3-0451-45CD-9312-D4E81E2BA31D}.Debug|Any CPU.Build.0 = Debug|Any CPU
		{530E0BE3-0451-45CD-9312-D4E81E2BA31D}.Release|Any CPU.ActiveCfg = Release|Any CPU
		{530E0BE3-0451-45CD-9312-D4E81E2BA31D}.Release|Any CPU.Build.0 = Release|Any CPU
	EndGlobalSection
	GlobalSection(SolutionProperties) = preSolution
		HideSolutionNode = FALSE
	EndGlobalSection
	GlobalSection(ExtensibilityGlobals) = postSolution
		SolutionGuid = {798D7545-CA67-4038-89AF-3E4E95548ACE}
	EndGlobalSection
EndGlobal
